
Microsoft Visual Studio Solution File, Format Version 12.00
# Visual Studio 14
VisualStudioVersion = 14.0.25420.1
MinimumVisualStudioVersion = 10.0.40219.1
Project("{FAE04EC0-301F-11D3-BF4B-00C04F79EFBC}") = "FantasyMapGenerator", "FantasyMapGenerator\FantasyMapGenerator.csproj", "{13C7B3CA-8F34-419F-99D3-1F99E59E7AA0}"
EndProject
Project("{FAE04EC0-301F-11D3-BF4B-00C04F79EFBC}") = "Language", "Language\Language.csproj", "{0A19AB4C-3399-4A3F-AD4E-37ABCF789C58}"
EndProject
Project("{FAE04EC0-301F-11D3-BF4B-00C04F79EFBC}") = "D3Voronoi", "D3Voronoi\D3Voronoi.csproj", "{907CDB58-93B6-452D-9260-A4EE3F824156}"
EndProject
Project("{FAE04EC0-301F-11D3-BF4B-00C04F79EFBC}") = "TerrainGenerator", "Terrain\TerrainGenerator.csproj", "{7079CE66-E447-4673-8A5C-0BEB73C3D3D1}"
EndProject
Global
	GlobalSection(SolutionConfigurationPlatforms) = preSolution
		Debug|Any CPU = Debug|Any CPU
		Debug|x64 = Debug|x64
		Release|Any CPU = Release|Any CPU
		Release|x64 = Release|x64
	EndGlobalSection
	GlobalSection(ProjectConfigurationPlatforms) = postSolution
		{13C7B3CA-8F34-419F-99D3-1F99E59E7AA0}.Debug|Any CPU.ActiveCfg = Debug|Any CPU
		{13C7B3CA-8F34-419F-99D3-1F99E59E7AA0}.Debug|Any CPU.Build.0 = Debug|Any CPU
		{13C7B3CA-8F34-419F-99D3-1F99E59E7AA0}.Debug|x64.ActiveCfg = Debug|Any CPU
		{13C7B3CA-8F34-419F-99D3-1F99E59E7AA0}.Debug|x64.Build.0 = Debug|Any CPU
		{13C7B3CA-8F34-419F-99D3-1F99E59E7AA0}.Release|Any CPU.ActiveCfg = Release|Any CPU
		{13C7B3CA-8F34-419F-99D3-1F99E59E7AA0}.Release|Any CPU.Build.0 = Release|Any CPU
		{13C7B3CA-8F34-419F-99D3-1F99E59E7AA0}.Release|x64.ActiveCfg = Release|Any CPU
		{13C7B3CA-8F34-419F-99D3-1F99E59E7AA0}.Release|x64.Build.0 = Release|Any CPU
		{0A19AB4C-3399-4A3F-AD4E-37ABCF789C58}.Debug|Any CPU.ActiveCfg = Debug|Any CPU
		{0A19AB4C-3399-4A3F-AD4E-37ABCF789C58}.Debug|Any CPU.Build.0 = Debug|Any CPU
		{0A19AB4C-3399-4A3F-AD4E-37ABCF789C58}.Debug|x64.ActiveCfg = Debug|Any CPU
		{0A19AB4C-3399-4A3F-AD4E-37ABCF789C58}.Debug|x64.Build.0 = Debug|Any CPU
		{0A19AB4C-3399-4A3F-AD4E-37ABCF789C58}.Release|Any CPU.ActiveCfg = Release|Any CPU
		{0A19AB4C-3399-4A3F-AD4E-37ABCF789C58}.Release|Any CPU.Build.0 = Release|Any CPU
		{0A19AB4C-3399-4A3F-AD4E-37ABCF789C58}.Release|x64.ActiveCfg = Release|Any CPU
		{0A19AB4C-3399-4A3F-AD4E-37ABCF789C58}.Release|x64.Build.0 = Release|Any CPU
		{907CDB58-93B6-452D-9260-A4EE3F824156}.Debug|Any CPU.ActiveCfg = Debug|Any CPU
		{907CDB58-93B6-452D-9260-A4EE3F824156}.Debug|Any CPU.Build.0 = Debug|Any CPU
		{907CDB58-93B6-452D-9260-A4EE3F824156}.Debug|x64.ActiveCfg = Debug|Any CPU
		{907CDB58-93B6-452D-9260-A4EE3F824156}.Debug|x64.Build.0 = Debug|Any CPU
		{907CDB58-93B6-452D-9260-A4EE3F824156}.Release|Any CPU.ActiveCfg = Release|Any CPU
		{907CDB58-93B6-452D-9260-A4EE3F824156}.Release|Any CPU.Build.0 = Release|Any CPU
		{907CDB58-93B6-452D-9260-A4EE3F824156}.Release|x64.ActiveCfg = Release|Any CPU
		{907CDB58-93B6-452D-9260-A4EE3F824156}.Release|x64.Build.0 = Release|Any CPU
		{7079CE66-E447-4673-8A5C-0BEB73C3D3D1}.Debug|Any CPU.ActiveCfg = Debug|Any CPU
		{7079CE66-E447-4673-8A5C-0BEB73C3D3D1}.Debug|Any CPU.Build.0 = Debug|Any CPU
		{7079CE66-E447-4673-8A5C-0BEB73C3D3D1}.Debug|x64.ActiveCfg = Debug|Any CPU
		{7079CE66-E447-4673-8A5C-0BEB73C3D3D1}.Debug|x64.Build.0 = Debug|Any CPU
		{7079CE66-E447-4673-8A5C-0BEB73C3D3D1}.Release|Any CPU.ActiveCfg = Release|Any CPU
		{7079CE66-E447-4673-8A5C-0BEB73C3D3D1}.Release|Any CPU.Build.0 = Release|Any CPU
		{7079CE66-E447-4673-8A5C-0BEB73C3D3D1}.Release|x64.ActiveCfg = Release|Any CPU
		{7079CE66-E447-4673-8A5C-0BEB73C3D3D1}.Release|x64.Build.0 = Release|Any CPU
	EndGlobalSection
	GlobalSection(SolutionProperties) = preSolution
		HideSolutionNode = FALSE
	EndGlobalSection
EndGlobal
